lockfileVersion: '6.0'

dependencies:
  '@actions/cache':
    specifier: ^3.1.4
    version: 3.1.4
  '@actions/core':
    specifier: ^1.10.0
    version: 1.10.0
  '@actions/exec':
    specifier: ^1.1.1
    version: 1.1.1
  '@actions/glob':
    specifier: ^0.4.0
    version: 0.4.0
  '@actions/io':
    specifier: ^1.1.2
    version: 1.1.2
  '@actions/tool-cache':
    specifier: ^2.0.1
    version: 2.0.1

devDependencies:
  '@vercel/ncc':
    specifier: ^0.36.1
    version: 0.36.1
  prettier:
    specifier: ^2.8.4
    version: 2.8.4
  typescript:
    specifier: ^5.0.3
    version: 5.0.3

packages:

  /@actions/cache@3.1.4:
    resolution: {integrity: sha512-Uh9wsz7SxunfyqF3UY/wfHI81z97CYQrZs4NU+whzYd0N8emTaloB+XtrAq46X2RbQEOBjF6R090jKQpX4coGg==}
    dependencies:
      '@actions/core': 1.10.0
      '@actions/exec': 1.1.1
      '@actions/glob': 0.1.2
      '@actions/http-client': 2.1.0
      '@actions/io': 1.1.2
      '@azure/abort-controller': 1.1.0
      '@azure/ms-rest-js': 2.6.4
      '@azure/storage-blob': 12.13.0
      semver: 6.3.0
      uuid: 3.4.0
    transitivePeerDependencies:
      - encoding
    dev: false

  /@actions/core@1.10.0:
    resolution: {integrity: sha512-2aZDDa3zrrZbP5ZYg159sNoLRb61nQ7awl5pSvIq5Qpj81vwDzdMRKzkWJGJuwVvWpvZKx7vspJALyvaaIQyug==}
    dependencies:
      '@actions/http-client': 2.1.0
      uuid: 8.3.2
    dev: false

  /@actions/exec@1.1.1:
    resolution: {integrity: sha512-+sCcHHbVdk93a0XT19ECtO/gIXoxvdsgQLzb2fE2/5sIZmWQuluYyjPQtrtTHdU1YzTZ7bAPN4sITq2xi1679w==}
    dependencies:
      '@actions/io': 1.1.2
    dev: false

  /@actions/glob@0.1.2:
    resolution: {integrity: sha512-SclLR7Ia5sEqjkJTPs7Sd86maMDw43p769YxBOxvPvEWuPEhpAnBsQfENOpXjFYMmhCqd127bmf+YdvJqVqR4A==}
    dependencies:
      '@actions/core': 1.10.0
      minimatch: 3.1.2
    dev: false

  /@actions/glob@0.4.0:
    resolution: {integrity: sha512-+eKIGFhsFa4EBwaf/GMyzCdWrXWymGXfFmZU3FHQvYS8mPcHtTtZONbkcqqUMzw9mJ/pImEBFET1JNifhqGsAQ==}
    dependencies:
      '@actions/core': 1.10.0
      minimatch: 3.1.2
    dev: false

  /@actions/http-client@2.1.0:
    resolution: {integrity: sha512-BonhODnXr3amchh4qkmjPMUO8mFi/zLaaCeCAJZqch8iQqyDnVIkySjB38VHAC8IJ+bnlgfOqlhpyCUZHlQsqw==}
    dependencies:
      tunnel: 0.0.6
    dev: false

  /@actions/io@1.1.2:
    resolution: {integrity: sha512-d+RwPlMp+2qmBfeLYPLXuSRykDIFEwdTA0MMxzS9kh4kvP1ftrc/9fzy6pX6qAjthdXruHQ6/6kjT/DNo5ALuw==}
    dev: false

  /@actions/tool-cache@2.0.1:
    resolution: {integrity: sha512-iPU+mNwrbA8jodY8eyo/0S/QqCKDajiR8OxWTnSk/SnYg0sj8Hp4QcUEVC1YFpHWXtrfbQrE13Jz4k4HXJQKcA==}
    dependencies:
      '@actions/core': 1.10.0
      '@actions/exec': 1.1.1
      '@actions/http-client': 2.1.0
      '@actions/io': 1.1.2
      semver: 6.3.0
      uuid: 3.4.0
    dev: false

  /@azure/abort-controller@1.1.0:
    resolution: {integrity: sha512-TrRLIoSQVzfAJX9H1JeFjzAoDGcoK1IYX1UImfceTZpsyYfWr09Ss1aHW1y5TrrR3iq6RZLBwJ3E24uwPhwahw==}
    engines: {node: '>=12.0.0'}
    dependencies:
      tslib: 2.5.0
    dev: false

  /@azure/core-auth@1.4.0:
    resolution: {integrity: sha512-HFrcTgmuSuukRf/EdPmqBrc5l6Q5Uu+2TbuhaKbgaCpP2TfAeiNaQPAadxO+CYBRHGUzIDteMAjFspFLDLnKVQ==}
    engines: {node: '>=12.0.0'}
    dependencies:
      '@azure/abort-controller': 1.1.0
      tslib: 2.5.0
    dev: false

  /@azure/core-http@3.0.0:
    resolution: {integrity: sha512-BxI2SlGFPPz6J1XyZNIVUf0QZLBKFX+ViFjKOkzqD18J1zOINIQ8JSBKKr+i+v8+MB6LacL6Nn/sP/TE13+s2Q==}
    engines: {node: '>=14.0.0'}
    dependencies:
      '@azure/abort-controller': 1.1.0
      '@azure/core-auth': 1.4.0
      '@azure/core-tracing': 1.0.0-preview.13
      '@azure/core-util': 1.2.0
      '@azure/logger': 1.0.4
      '@types/node-fetch': 2.6.3
      '@types/tunnel': 0.0.3
      form-data: 4.0.0
      node-fetch: 2.6.9
      process: 0.11.10
      tslib: 2.5.0
      tunnel: 0.0.6
      uuid: 8.3.2
      xml2js: 0.4.23
    transitivePeerDependencies:
      - encoding
    dev: false

  /@azure/core-lro@2.5.1:
    resolution: {integrity: sha512-JHQy/bA3NOz2WuzOi5zEk6n/TJdAropupxUT521JIJvW7EXV2YN2SFYZrf/2RHeD28QAClGdynYadZsbmP+nyQ==}
    engines: {node: '>=14.0.0'}
    dependencies:
      '@azure/abort-controller': 1.1.0
      '@azure/logger': 1.0.4
      tslib: 2.5.0
    dev: false

  /@azure/core-paging@1.5.0:
    resolution: {integrity: sha512-zqWdVIt+2Z+3wqxEOGzR5hXFZ8MGKK52x4vFLw8n58pR6ZfKRx3EXYTxTaYxYHc/PexPUTyimcTWFJbji9Z6Iw==}
    engines: {node: '>=14.0.0'}
    dependencies:
      tslib: 2.5.0
    dev: false

  /@azure/core-tracing@1.0.0-preview.13:
    resolution: {integrity: sha512-KxDlhXyMlh2Jhj2ykX6vNEU0Vou4nHr025KoSEiz7cS3BNiHNaZcdECk/DmLkEB0as5T7b/TpRcehJ5yV6NeXQ==}
    engines: {node: '>=12.0.0'}
    dependencies:
      '@opentelemetry/api': 1.4.1
      tslib: 2.5.0
    dev: false

  /@azure/core-util@1.2.0:
    resolution: {integrity: sha512-ffGIw+Qs8bNKNLxz5UPkz4/VBM/EZY07mPve1ZYFqYUdPwFqRj0RPk0U7LZMOfT7GCck9YjuT1Rfp1PApNl1ng==}
    engines: {node: '>=14.0.0'}
    dependencies:
      '@azure/abort-controller': 1.1.0
      tslib: 2.5.0
    dev: false

  /@azure/logger@1.0.4:
    resolution: {integrity: sha512-ustrPY8MryhloQj7OWGe+HrYx+aoiOxzbXTtgblbV3xwCqpzUK36phH3XNHQKj3EPonyFUuDTfR3qFhTEAuZEg==}
    engines: {node: '>=14.0.0'}
    dependencies:
      tslib: 2.5.0
    dev: false

  /@azure/ms-rest-js@2.6.4:
    resolution: {integrity: sha512-2sbOpGhlBfv9itWdF7Qlk0CmoQCARxe5unwjNOprU7OdgEgabQncZ35L5u1A+zgdkVtNYF9Eo6XAhXzTweIhag==}
    dependencies:
      '@azure/core-auth': 1.4.0
      abort-controller: 3.0.0
      form-data: 2.5.1
      node-fetch: 2.6.9
      tough-cookie: 3.0.1
      tslib: 1.14.1
      tunnel: 0.0.6
      uuid: 8.3.2
      xml2js: 0.4.23
    transitivePeerDependencies:
      - encoding
    dev: false

  /@azure/storage-blob@12.13.0:
    resolution: {integrity: sha512-t3Q2lvBMJucgTjQcP5+hvEJMAsJSk0qmAnjDLie2td017IiduZbbC9BOcFfmwzR6y6cJdZOuewLCNFmEx9IrXA==}
    engines: {node: '>=14.0.0'}
    dependencies:
      '@azure/abort-controller': 1.1.0
      '@azure/core-http': 3.0.0
      '@azure/core-lro': 2.5.1
      '@azure/core-paging': 1.5.0
      '@azure/core-tracing': 1.0.0-preview.13
      '@azure/logger': 1.0.4
      events: 3.3.0
      tslib: 2.5.0
    transitivePeerDependencies:
      - encoding
    dev: false

  /@opentelemetry/api@1.4.1:
    resolution: {integrity: sha512-O2yRJce1GOc6PAy3QxFM4NzFiWzvScDC1/5ihYBL6BUEVdq0XMWN01sppE+H6bBXbaFYipjwFLEWLg5PaSOThA==}
    engines: {node: '>=8.0.0'}
    dev: false

  /@types/node-fetch@2.6.3:
    resolution: {integrity: sha512-ETTL1mOEdq/sxUtgtOhKjyB2Irra4cjxksvcMUR5Zr4n+PxVhsCD9WS46oPbHL3et9Zde7CNRr+WUNlcHvsX+w==}
    dependencies:
      '@types/node': 18.15.11
      form-data: 3.0.1
    dev: false

  /@types/node@18.15.11:
    resolution: {integrity: sha512-E5Kwq2n4SbMzQOn6wnmBjuK9ouqlURrcZDVfbo9ftDDTFt3nk7ZKK4GMOzoYgnpQJKcxwQw+lGaBvvlMo0qN/Q==}
    dev: false

  /@types/tunnel@0.0.3:
    resolution: {integrity: sha512-sOUTGn6h1SfQ+gbgqC364jLFBw2lnFqkgF3q0WovEHRLMrVD1sd5aufqi/aJObLekJO+Aq5z646U4Oxy6shXMA==}
    dependencies:
      '@types/node': 18.15.11
    dev: false

  /@vercel/ncc@0.36.1:
    resolution: {integrity: sha512-S4cL7Taa9yb5qbv+6wLgiKVZ03Qfkc4jGRuiUQMQ8HGBD5pcNRnHeYM33zBvJE4/zJGjJJ8GScB+WmTsn9mORw==}
    hasBin: true
    dev: true

  /abort-controller@3.0.0:
    resolution: {integrity: sha512-h8lQ8tacZYnR3vNQTgibj+tODHI5/+l06Au2Pcriv/Gmet0eaj4TwWH41sO9wnHDiQsEj19q0drzdWdeAHtweg==}
    engines: {node: '>=6.5'}
    dependencies:
      event-target-shim: 5.0.1
    dev: false

  /asynckit@0.4.0:
    resolution: {integrity: sha512-Oei9OH4tRh0YqU3GxhX79dM/mwVgvbZJaSNaRk+bshkj0S5cfHcgYakreBjrHwatXKbz+IoIdYLxrKim2MjW0Q==}
    dev: false

  /balanced-match@1.0.2:
    resolution: {integrity: sha512-3oSeUO0TMV67hN1AmbXsK4yaqU7tjiHlbxRDZOpH0KW9+CeX4bRAaX0Anxt0tx2MrpRpWwQaPwIlISEJhYU5Pw==}
    dev: false

  /brace-expansion@1.1.11:
    resolution: {integrity: sha512-iCuPHDFgrHX7H2vEI/5xpz07zSHB00TpugqhmYtVmMO6518mCuRMoOYFldEBl0g187ufozdaHgWKcYFb61qGiA==}
    dependencies:
      balanced-match: 1.0.2
      concat-map: 0.0.1
    dev: false

  /combined-stream@1.0.8:
    resolution: {integrity: sha512-FQN4MRfuJeHf7cBbBMJFXhKSDq+2kAArBlmRBvcvFE5BB1HZKXtSFASDhdlz9zOYwxh8lDdnvmMOe/+5cdoEdg==}
    engines: {node: '>= 0.8'}
    dependencies:
      delayed-stream: 1.0.0
    dev: false

  /concat-map@0.0.1:
    resolution: {integrity: sha512-/Srv4dswyQNBfohGpz9o6Yb3Gz3SrUDqBH5rTuhGR7ahtlbYKnVxw2bCFMRljaA7EXHaXZ8wsHdodFvbkhKmqg==}
    dev: false

  /delayed-stream@1.0.0:
    resolution: {integrity: sha512-ZySD7Nf91aLB0RxL4KGrKHBXl7Eds1DAmEdcoVawXnLD7SDhpNgtuII2aAkg7a7QS41jxPSZ17p4VdGnMHk3MQ==}
    engines: {node: '>=0.4.0'}
    dev: false

  /event-target-shim@5.0.1:
    resolution: {integrity: sha512-i/2XbnSz/uxRCU6+NdVJgKWDTM427+MqYbkQzD321DuCQJUqOuJKIA0IM2+W2xtYHdKOmZ4dR6fExsd4SXL+WQ==}
    engines: {node: '>=6'}
    dev: false

  /events@3.3.0:
    resolution: {integrity: sha512-mQw+2fkQbALzQ7V0MY0IqdnXNOeTtP4r0lN9z7AAawCXgqea7bDii20AYrIBrFd/Hx0M2Ocz6S111CaFkUcb0Q==}
    engines: {node: '>=0.8.x'}
    dev: false

  /form-data@2.5.1:
    resolution: {integrity: sha512-m21N3WOmEEURgk6B9GLOE4RuWOFf28Lhh9qGYeNlGq4VDXUlJy2th2slBNU8Gp8EzloYZOibZJ7t5ecIrFSjVA==}
    engines: {node: '>= 0.12'}
    dependencies:
      asynckit: 0.4.0
      combined-stream: 1.0.8
      mime-types: 2.1.35
    dev: false

  /form-data@3.0.1:
    resolution: {integrity: sha512-RHkBKtLWUVwd7SqRIvCZMEvAMoGUp0XU+seQiZejj0COz3RI3hWP4sCv3gZWWLjJTd7rGwcsF5eKZGii0r/hbg==}
    engines: {node: '>= 6'}
    dependencies:
      asynckit: 0.4.0
      combined-stream: 1.0.8
      mime-types: 2.1.35
    dev: false

  /form-data@4.0.0:
    resolution: {integrity: sha512-ETEklSGi5t0QMZuiXoA/Q6vcnxcLQP5vdugSpuAyi6SVGi2clPPp+xgEhuMaHC+zGgn31Kd235W35f7Hykkaww==}
    engines: {node: '>= 6'}
    dependencies:
      asynckit: 0.4.0
      combined-stream: 1.0.8
      mime-types: 2.1.35
    dev: false

  /ip-regex@2.1.0:
    resolution: {integrity: sha512-58yWmlHpp7VYfcdTwMTvwMmqx/Elfxjd9RXTDyMsbL7lLWmhMylLEqiYVLKuLzOZqVgiWXD9MfR62Vv89VRxkw==}
    engines: {node: '>=4'}
    dev: false

  /mime-db@1.52.0:
    resolution: {integrity: sha512-sPU4uV7dYlvtWJxwwxHD0PuihVNiE7TyAbQ5SWxDCB9mUYvOgroQOwYQQOKPJ8CIbE+1ETVlOoK1UC2nU3gYvg==}
    engines: {node: '>= 0.6'}
    dev: false

  /mime-types@2.1.35:
    resolution: {integrity: sha512-ZDY+bPm5zTTF+YpCrAU9nK0UgICYPT0QtT1NZWFv4s++TNkcgVaT0g6+4R2uI4MjQjzysHB1zxuWL50hzaeXiw==}
    engines: {node: '>= 0.6'}
    dependencies:
      mime-db: 1.52.0
    dev: false

  /minimatch@3.1.2:
    resolution: {integrity: sha512-J7p63hRiAjw1NDEww1W7i37+ByIrOWO5XQQAzZ3VOcL0PNybwpfmV/N05zFAzwQ9USyEcX6t3UO+K5aqBQOIHw==}
    dependencies:
      brace-expansion: 1.1.11
    dev: false

  /node-fetch@2.6.9:
    resolution: {integrity: sha512-DJm/CJkZkRjKKj4Zi4BsKVZh3ValV5IR5s7LVZnW+6YMh0W1BfNA8XSs6DLMGYlId5F3KnA70uu2qepcR08Qqg==}
    engines: {node: 4.x || >=6.0.0}
    peerDependencies:
      encoding: ^0.1.0
    peerDependenciesMeta:
      encoding:
        optional: true
    dependencies:
      whatwg-url: 5.0.0
    dev: false

  /prettier@2.8.4:
    resolution: {integrity: sha512-vIS4Rlc2FNh0BySk3Wkd6xmwxB0FpOndW5fisM5H8hsZSxU2VWVB5CWIkIjWvrHjIhxk2g3bfMKM87zNTrZddw==}
    engines: {node: '>=10.13.0'}
    hasBin: true
    dev: true

  /process@0.11.10:
    resolution: {integrity: sha512-cdGef/drWFoydD1JsMzuFf8100nZl+GT+yacc2bEced5f9Rjk4z+WtFUTBu9PhOi9j/jfmBPu0mMEY4wIdAF8A==}
    engines: {node: '>= 0.6.0'}
    dev: false

  /psl@1.9.0:
    resolution: {integrity: sha512-E/ZsdU4HLs/68gYzgGTkMicWTLPdAftJLfJFlLUAAKZGkStNU72sZjT66SnMDVOfOWY/YAoiD7Jxa9iHvngcag==}
    dev: false

  /punycode@2.3.0:
    resolution: {integrity: sha512-rRV+zQD8tVFys26lAGR9WUuS4iUAngJScM+ZRSKtvl5tKeZ2t5bvdNFdNHBW9FWR4guGHlgmsZ1G7BSm2wTbuA==}
    engines: {node: '>=6'}
    dev: false

  /sax@1.2.4:
    resolution: {integrity: sha512-NqVDv9TpANUjFm0N8uM5GxL36UgKi9/atZw+x7YFnQ8ckwFGKrl4xX4yWtrey3UJm5nP1kUbnYgLopqWNSRhWw==}
    dev: false

  /semver@6.3.0:
    resolution: {integrity: sha512-b39TBaTSfV6yBrapU89p5fKekE2m/NwnDocOVruQFS1/veMgdzuPcnOM34M6CwxW8jH/lxEa5rBoDeUwu5HHTw==}
    hasBin: true
    dev: false

  /tough-cookie@3.0.1:
    resolution: {integrity: sha512-yQyJ0u4pZsv9D4clxO69OEjLWYw+jbgspjTue4lTQZLfV0c5l1VmK2y1JK8E9ahdpltPOaAThPcp5nKPUgSnsg==}
    engines: {node: '>=6'}
    dependencies:
      ip-regex: 2.1.0
      psl: 1.9.0
      punycode: 2.3.0
    dev: false

  /tr46@0.0.3:
    resolution: {integrity: sha512-N3WMsuqV66lT30CrXNbEjx4GEwlow3v6rr4mCcv6prnfwhS01rkgyFdjPNBYd9br7LpXV1+Emh01fHnq2Gdgrw==}
    dev: false

  /tslib@1.14.1:
    resolution: {integrity: sha512-Xni35NKzjgMrwevysHTCArtLDpPvye8zV/0E4EyYn43P7/7qvQwPh9BGkHewbMulVntbigmcT7rdX3BNo9wRJg==}
    dev: false

  /tslib@2.5.0:
    resolution: {integrity: sha512-336iVw3rtn2BUK7ORdIAHTyxHGRIHVReokCR3XjbckJMK7ms8FysBfhLR8IXnAgy7T0PTPNBWKiH514FOW/WSg==}
    dev: false

  /tunnel@0.0.6:
    resolution: {integrity: sha512-1h/Lnq9yajKY2PEbBadPXj3VxsDDu844OnaAo52UVmIzIvwwtBPIuNvkjuzBlTWpfJyUbG3ez0KSBibQkj4ojg==}
    engines: {node: '>=0.6.11 <=0.7.0 || >=0.7.3'}
    dev: false

  /typescript@5.0.3:
    resolution: {integrity: sha512-xv8mOEDnigb/tN9PSMTwSEqAnUvkoXMQlicOb0IUVDBSQCgBSaAAROUZYy2IcUy5qU6XajK5jjjO7TMWqBTKZA==}
    engines: {node: '>=12.20'}
    hasBin: true
    dev: true

  /uuid@3.4.0:
    resolution: {integrity: sha512-HjSDRw6gZE5JMggctHBcjVak08+KEVhSIiDzFnT9S9aegmp85S/bReBVTb4QTFaRNptJ9kuYaNhnbNEOkbKb/A==}
    deprecated: Please upgrade  to version 7 or higher.  Older versions may use Math.random() in certain circumstances, which is known to be problematic.  See https://v8.dev/blog/math-random for details.
    hasBin: true
    dev: false

  /uuid@8.3.2:
    resolution: {integrity: sha512-+NYs2QeMWy+GWFOEm9xnn6HCDp0l7QBD7ml8zLUmJ+93Q5NF0NocErnwkTkXVFNiX3/fpC6afS8Dhb/gz7R7eg==}
    hasBin: true
    dev: false

  /webidl-conversions@3.0.1:
    resolution: {integrity: sha512-2JAn3z8AR6rjK8Sm8orRC0h/bcl/DqL7tRPdGZ4I1CjdF+EaMLmYxBHyXuKL849eucPFhvBoxMsflfOb8kxaeQ==}
    dev: false

  /whatwg-url@5.0.0:
    resolution: {integrity: sha512-saE57nupxk6v3HY35+jzBwYa0rKSy0XR8JSxZPwgLr7ys0IBzhGviA1/TUGJLmSVqs8pb9AnvICXEuOHLprYTw==}
    dependencies:
      tr46: 0.0.3
      webidl-conversions: 3.0.1
    dev: false

  /xml2js@0.4.23:
    resolution: {integrity: sha512-ySPiMjM0+pLDftHgXY4By0uswI3SPKLDw/i3UXbnO8M/p28zqexCUoPmQFrYD+/1BzhGJSs2i1ERWKJAtiLrug==}
    engines: {node: '>=4.0.0'}
    dependencies:
      sax: 1.2.4
      xmlbuilder: 11.0.1
    dev: false

  /xmlbuilder@11.0.1:
    resolution: {integrity: sha512-fDlsI/kFEx7gLvbecc0/ohLG50fugQp8ryHzMTuW9vSa1GJ0XYWKnhsUx7oie3G98+r56aTQIUB4kht42R3JvA==}
    engines: {node: '>=4.0'}
    dev: false
